
Microsoft Visual Studio Solution File, Format Version 12.00
# Visual Studio Version 16
VisualStudioVersion = 16.0.810.21
MinimumVisualStudioVersion = 10.0.40219.1
Project("{FAE04EC0-301F-11D3-BF4B-00C04F79EFBC}") = "HealthPartnersCodingTest", "HealthPartnersCodingTest\HealthPartnersCodingTest.csproj", "{DFB76DBA-EDED-4E8A-A8EE-005412F77496}"
EndProject
Project("{FAE04EC0-301F-11D3-BF4B-00C04F79EFBC}") = "HealthPartnersCodingTest.Test", "HealthPartnersCodingTest.Test\HealthPartnersCodingTest.Test.csproj", "{EF225A1C-2970-4444-8711-31AA2F1B6F95}"
EndProject
Global
	GlobalSection(SolutionConfigurationPlatforms) = preSolution
		Debug|Any CPU = Debug|Any CPU
		Release|Any CPU = Release|Any CPU
	EndGlobalSection
	GlobalSection(ProjectConfigurationPlatforms) = postSolution
		{DFB76DBA-EDED-4E8A-A8EE-005412F77496}.Debug|Any CPU.ActiveCfg = Debug|Any CPU
		{DFB76DBA-EDED-4E8A-A8EE-005412F77496}.Debug|Any CPU.Build.0 = Debug|Any CPU
		{DFB76DBA-EDED-4E8A-A8EE-005412F77496}.Release|Any CPU.ActiveCfg = Release|Any CPU
		{DFB76DBA-EDED-4E8A-A8EE-005412F77496}.Release|Any CPU.Build.0 = Release|Any CPU
		{EF225A1C-2970-4444-8711-31AA2F1B6F95}.Debug|Any CPU.ActiveCfg = Debug|Any CPU
		{EF225A1C-2970-4444-8711-31AA2F1B6F95}.Debug|Any CPU.Build.0 = Debug|Any CPU
		{EF225A1C-2970-4444-8711-31AA2F1B6F95}.Release|Any CPU.ActiveCfg = Release|Any CPU
		{EF225A1C-2970-4444-8711-31AA2F1B6F95}.Release|Any CPU.Build.0 = Release|Any CPU
	EndGlobalSection
	GlobalSection(SolutionProperties) = preSolution
		HideSolutionNode = FALSE
	EndGlobalSection
	GlobalSection(ExtensibilityGlobals) = postSolution
		SolutionGuid = {8DDAC994-7A30-4615-BEA5-D8770FFB29CB}
	EndGlobalSection
EndGlobal
